NeoBundleLock alchemist.vim 718d16c38f473254589f4e71b6b0680b55d88fcf
NeoBundleLock ctrlp.vim 88b61e77a285d10d0163bd383d3bb2909ea2ddca
NeoBundleLock deoplete.nvim 5053fb69bbd26c65dd29e0acd04caf48aa5aa540
NeoBundleLock neobundle.vim 88951d60547595606ea0ca8f28f643d2506f2714
NeoBundleLock neosnippet-snippets 4431bf176650696d5a8dd93814812afd0d06212c
NeoBundleLock neosnippet.vim 22bf9611263fcc9fd2c4bd61031053624ff82714
NeoBundleLock nerdtree eee431dbd44111c858c6d33ffd366cae1f17f8b3
NeoBundleLock powerline-fonts a44abd0e742ad6e7fd8d8bc4c3cad5155c9f3a92
NeoBundleLock split-term.vim ab0f21a2bff54434847176efda654ab6537de538
NeoBundleLock ultisnips 71c39721de9cb2d67478e8b8c1a543e006fb67df
NeoBundleLock vim-airline 258430db82329c1298750af91391c1b21a5a5b58
NeoBundleLock vim-colorschemes b8dff40f69f1873effbed97c759a8452ecb240ed
NeoBundleLock vim-elixir e38d63ce5bf82d7cb807053fe8548fee34b84863
NeoBundleLock vim-fugitive b3a8be6975dcc27b523b030bf5d35d9c737aef18
NeoBundleLock vim-plugin-AnsiEsc f2df795e886809dc08a554ed2d0802c620460de3
NeoBundleLock vim-snippets 89a4e548441debc2d54267ea6088b048a29273de
